
Microsoft Visual Studio Solution File, Format Version 11.00
# Visual Studio 2010
Project("{E24C65DC-7377-472B-9ABA-BC803B73C61A}") = "xkdoc", ".", "{7E10EE17-2322-4D82-A402-5056205C42A3}"
	ProjectSection(WebsiteProperties) = preProject
		TargetFrameworkMoniker = ".NETFramework,Version%3Dv2.0"
		Debug.AspNetCompiler.VirtualPath = "/xkdoc"
		Debug.AspNetCompiler.PhysicalPath = "..\xkdoc\"
		Debug.AspNetCompiler.TargetPath = "PrecompiledWeb\xkdoc\"
		Debug.AspNetCompiler.Updateable = "true"
		Debug.AspNetCompiler.ForceOverwrite = "true"
		Debug.AspNetCompiler.FixedNames = "false"
		Debug.AspNetCompiler.Debug = "True"
		Release.AspNetCompiler.VirtualPath = "/xkdoc"
		Release.AspNetCompiler.PhysicalPath = "..\xkdoc\"
		Release.AspNetCompiler.TargetPath = "PrecompiledWeb\xkdoc\"
		Release.AspNetCompiler.Updateable = "true"
		Release.AspNetCompiler.ForceOverwrite = "true"
		Release.AspNetCompiler.FixedNames = "false"
		Release.AspNetCompiler.Debug = "False"
		VWDPort = "3088"
	EndProjectSection
EndProject
Global
	GlobalSection(SolutionConfigurationPlatforms) = preSolution
		Debug|Any CPU = Debug|Any CPU
	EndGlobalSection
	GlobalSection(ProjectConfigurationPlatforms) = postSolution
		{7E10EE17-2322-4D82-A402-5056205C42A3}.Debug|Any CPU.ActiveCfg = Debug|Any CPU
		{7E10EE17-2322-4D82-A402-5056205C42A3}.Debug|Any CPU.Build.0 = Debug|Any CPU
	EndGlobalSection
	GlobalSection(SolutionProperties) = preSolution
		HideSolutionNode = FALSE
	EndGlobalSection
EndGlobal
